{
  "name": "Settlement Management Sheet",
  "lockfileVersion": 3,
  "requires": true,
  "packages": {
    "": {
      "dependencies": {
        "zod": "^4.0.8"
      }
    },
    "node_modules/zod": {
      "version": "4.0.8",
      "resolved": "https://registry.npmjs.org/zod/-/zod-4.0.8.tgz",
      "integrity": "sha512-+MSh9cZU9r3QKlHqrgHMTSr3QwMGv4PLfR0M4N/sYWV5/x67HgXEhIGObdBkpnX8G78pTgWnIrBL2lZcNJOtfg==",
      "license": "MIT",
      "funding": {
        "url": "https://github.com/sponsors/colinhacks"
      }
    }
  }
}
